
Microsoft Visual Studio Solution File, Format Version 12.00
# Visual Studio Version 17
VisualStudioVersion = 17.9.34622.214
MinimumVisualStudioVersion = 10.0.40219.1
Project("{9A19103F-16F7-4668-BE54-9A1E7A4F7556}") = "MiniMesProject.Application", "MiniMesProject.Application\MiniMesProject.Application.csproj", "{4085EB5A-D058-44DD-99E0-6E391E269253}"
EndProject
Project("{9A19103F-16F7-4668-BE54-9A1E7A4F7556}") = "MiniMesProject.Domain", "MiniMesProject.Domain\MiniMesProject.Domain.csproj", "{878AA8A2-51C3-4F7F-8D10-50A15B0151BD}"
EndProject
Project("{9A19103F-16F7-4668-BE54-9A1E7A4F7556}") = "MiniMesProject.Infrastructure", "MiniMesProject.Infrastructure\MiniMesProject.Infrastructure.csproj", "{5B9366DB-5036-4FCA-B4CF-3F3C4D5413AE}"
EndProject
Project("{9A19103F-16F7-4668-BE54-9A1E7A4F7556}") = "MiniMesProject", "MiniMesProject\MiniMesProject.csproj", "{13F3CE7E-EF9D-4859-B9B9-91D3CAC44B28}"
EndProject
Global
	GlobalSection(SolutionConfigurationPlatforms) = preSolution
		Debug|Any CPU = Debug|Any CPU
		Release|Any CPU = Release|Any CPU
	EndGlobalSection
	GlobalSection(ProjectConfigurationPlatforms) = postSolution
		{4085EB5A-D058-44DD-99E0-6E391E269253}.Debug|Any CPU.ActiveCfg = Debug|Any CPU
		{4085EB5A-D058-44DD-99E0-6E391E269253}.Debug|Any CPU.Build.0 = Debug|Any CPU
		{4085EB5A-D058-44DD-99E0-6E391E269253}.Release|Any CPU.ActiveCfg = Release|Any CPU
		{4085EB5A-D058-44DD-99E0-6E391E269253}.Release|Any CPU.Build.0 = Release|Any CPU
		{878AA8A2-51C3-4F7F-8D10-50A15B0151BD}.Debug|Any CPU.ActiveCfg = Debug|Any CPU
		{878AA8A2-51C3-4F7F-8D10-50A15B0151BD}.Debug|Any CPU.Build.0 = Debug|Any CPU
		{878AA8A2-51C3-4F7F-8D10-50A15B0151BD}.Release|Any CPU.ActiveCfg = Release|Any CPU
		{878AA8A2-51C3-4F7F-8D10-50A15B0151BD}.Release|Any CPU.Build.0 = Release|Any CPU
		{5B9366DB-5036-4FCA-B4CF-3F3C4D5413AE}.Debug|Any CPU.ActiveCfg = Debug|Any CPU
		{5B9366DB-5036-4FCA-B4CF-3F3C4D5413AE}.Debug|Any CPU.Build.0 = Debug|Any CPU
		{5B9366DB-5036-4FCA-B4CF-3F3C4D5413AE}.Release|Any CPU.ActiveCfg = Release|Any CPU
		{5B9366DB-5036-4FCA-B4CF-3F3C4D5413AE}.Release|Any CPU.Build.0 = Release|Any CPU
		{13F3CE7E-EF9D-4859-B9B9-91D3CAC44B28}.Debug|Any CPU.ActiveCfg = Debug|Any CPU
		{13F3CE7E-EF9D-4859-B9B9-91D3CAC44B28}.Debug|Any CPU.Build.0 = Debug|Any CPU
		{13F3CE7E-EF9D-4859-B9B9-91D3CAC44B28}.Release|Any CPU.ActiveCfg = Release|Any CPU
		{13F3CE7E-EF9D-4859-B9B9-91D3CAC44B28}.Release|Any CPU.Build.0 = Release|Any CPU
	EndGlobalSection
	GlobalSection(SolutionProperties) = preSolution
		HideSolutionNode = FALSE
	EndGlobalSection
	GlobalSection(ExtensibilityGlobals) = postSolution
		SolutionGuid = {AA91AE93-D361-4EFF-8CBE-9927EB6459F0}
	EndGlobalSection
EndGlobal
